
Microsoft Visual Studio Solution File, Format Version 12.00
# Visual Studio Version 16
VisualStudioVersion = 16.0.31105.61
MinimumVisualStudioVersion = 10.0.40219.1
Project("{9A19103F-16F7-4668-BE54-9A1E7A4F7556}") = "longest_substring_withour_reapeing_characters", "longest_substring_withour_reapeing_characters\longest_substring_withour_reapeing_characters.csproj", "{940E85DE-F45D-4FC5-8170-FD2F5BE1EBF6}"
EndProject
Project("{9A19103F-16F7-4668-BE54-9A1E7A4F7556}") = "Two_Sum", "Two_Sum\Two_Sum.csproj", "{71E16948-00BC-4FC6-A361-CD35C42F738A}"
EndProject
Project("{9A19103F-16F7-4668-BE54-9A1E7A4F7556}") = "Reverse_Number", "Reverse_Number\Reverse_Number.csproj", "{B5816079-9C24-41B8-A31F-6A8231F90D21}"
EndProject
Project("{9A19103F-16F7-4668-BE54-9A1E7A4F7556}") = "Palindrome_Number", "Palindrome_Number\Palindrome_Number.csproj", "{AE20D1AD-820F-4008-979B-6FDCCAF86259}"
EndProject
Project("{9A19103F-16F7-4668-BE54-9A1E7A4F7556}") = "Telephone_Number", "Telephone_Number\Telephone_Number.csproj", "{543E5740-CC75-474D-A330-E766BF1F31E3}"
EndProject
Project("{9A19103F-16F7-4668-BE54-9A1E7A4F7556}") = "Search_Insert_Position", "Search_Insert_Position\Search_Insert_Position.csproj", "{B24A70C3-9363-4B5E-A43F-FB0E1EFB216C}"
EndProject
Project("{9A19103F-16F7-4668-BE54-9A1E7A4F7556}") = "LinkedList_Cycle", "LinkedList_Cycle\LinkedList_Cycle.csproj", "{D0A540D2-2115-4922-A111-EBAA6CA8C610}"
EndProject
Project("{9A19103F-16F7-4668-BE54-9A1E7A4F7556}") = "No_of_Segments", "No_of_Segments\No_of_Segments.csproj", "{3D78DF1D-8E82-45C9-9629-DFBCD95A0FA4}"
EndProject
Project("{9A19103F-16F7-4668-BE54-9A1E7A4F7556}") = "Reservse_Words_in_a_String", "Reservse_Words_in_a_String\Reservse_Words_in_a_String.csproj", "{3AF1FDA7-192E-4E9F-9213-748BD4735B63}"
EndProject
Project("{2150E333-8FDC-42A3-9474-1A3956D46DE8}") = "Trees", "Trees", "{E2BE1C65-EDC6-4DBC-A9C8-F8095A01C7FA}"
EndProject
Project("{9A19103F-16F7-4668-BE54-9A1E7A4F7556}") = "Tree_Basic", "Tree_Basic\Tree_Basic.csproj", "{82CF6F6D-9202-42F0-9DCD-4318A6B0D320}"
EndProject
Project("{2150E333-8FDC-42A3-9474-1A3956D46DE8}") = "Backtracking", "Backtracking", "{FA11B35D-5B99-4717-A06E-A9A43C3DAFCB}"
EndProject
Project("{9A19103F-16F7-4668-BE54-9A1E7A4F7556}") = "Permutation_of_string", "Permutation_of_string\Permutation_of_string.csproj", "{AC68147E-7046-49A3-98F0-3ACEF8DBB90D}"
EndProject
Project("{2150E333-8FDC-42A3-9474-1A3956D46DE8}") = "Solution Items", "Solution Items", "{62C77E42-20FA-4DBE-BDEE-3E5F992A971E}"
	ProjectSection(SolutionItems) = preProject
		DataStructures.txt = DataStructures.txt
	EndProjectSection
EndProject
Project("{9A19103F-16F7-4668-BE54-9A1E7A4F7556}") = "BackSpace_String_Compare", "BackSpace_String_Compare\BackSpace_String_Compare.csproj", "{5F00C08C-A0B0-4BBD-8AB2-AE5ED7ABF815}"
EndProject
Project("{9A19103F-16F7-4668-BE54-9A1E7A4F7556}") = "Koko_Eating_Bananas", "Koko_Eating_Bananas\Koko_Eating_Bananas.csproj", "{C480CD62-708C-48A3-9ADE-62A9F598DA08}"
EndProject
Project("{9A19103F-16F7-4668-BE54-9A1E7A4F7556}") = "Compress_String", "Compress_String\Compress_String.csproj", "{B1C1A421-A54B-4924-8295-B1F627EEF971}"
EndProject
Project("{9A19103F-16F7-4668-BE54-9A1E7A4F7556}") = "Decode_String", "Decode_String\Decode_String.csproj", "{7E793227-A716-4E4A-ACB9-FB0CCBC4CDBD}"
EndProject
Project("{9A19103F-16F7-4668-BE54-9A1E7A4F7556}") = "MatchStick_To_Square", "MatchStick_To_Square\MatchStick_To_Square.csproj", "{414750DB-9CCA-455A-97E6-0939C1288F6D}"
EndProject
Project("{9A19103F-16F7-4668-BE54-9A1E7A4F7556}") = "Max_Depth_Of_N-Array_Tree", "Max_Depth_Of_N-Array_Tree\Max_Depth_Of_N-Array_Tree.csproj", "{3963775F-4C26-4E59-9F0E-9970EC67DCC8}"
EndProject
Project("{9A19103F-16F7-4668-BE54-9A1E7A4F7556}") = "Breath_First_Traversal_Tree(level_order_and_zig_zag)", "Breath_First_Traversal_Tree\Breath_First_Traversal_Tree(level_order_and_zig_zag).csproj", "{554D571D-C24A-48C1-B254-B35D030675FB}"
EndProject
Project("{9A19103F-16F7-4668-BE54-9A1E7A4F7556}") = "Search_2D_Matrix", "Search_2D_Matrix\Search_2D_Matrix.csproj", "{3EA77301-20E0-4896-8560-FA62EAC22B9A}"
EndProject
Project("{2150E333-8FDC-42A3-9474-1A3956D46DE8}") = "LinkedList", "LinkedList", "{752CFE8E-75E8-4417-9179-F959A2DEEBF7}"
EndProject
Project("{9A19103F-16F7-4668-BE54-9A1E7A4F7556}") = "Add_Two_LinkedList", "Add_Two_LinkedList\Add_Two_LinkedList.csproj", "{AE218323-2377-4EF0-BE10-A08589E78B8A}"
EndProject
Project("{2150E333-8FDC-42A3-9474-1A3956D46DE8}") = "Array", "Array", "{26187D66-2F6B-4FED-B860-2F661714A4C7}"
EndProject
Project("{9A19103F-16F7-4668-BE54-9A1E7A4F7556}") = "Container_With_Most_Water", "Container_With_Most_Water\Container_With_Most_Water.csproj", "{1127E838-AC79-4973-9A85-EFBD5C2D929B}"
EndProject
Project("{9A19103F-16F7-4668-BE54-9A1E7A4F7556}") = "Trapping_Rain_Water", "Trapping_Rain_Water\Trapping_Rain_Water.csproj", "{344688BE-4BF1-4E7E-91F7-513F9A80D85D}"
EndProject
Project("{2150E333-8FDC-42A3-9474-1A3956D46DE8}") = "Dynamic_Programming", "Dynamic_Programming", "{CF418597-32A7-406D-AAED-6361129449ED}"
EndProject
Project("{2150E333-8FDC-42A3-9474-1A3956D46DE8}") = "String", "String", "{69FB5E08-EBAA-4EF3-B7B0-BD818D9B9599}"
EndProject
Project("{9A19103F-16F7-4668-BE54-9A1E7A4F7556}") = "Longest_Commom_SubString", "Longest_Commom_SubString\Longest_Commom_SubString.csproj", "{0884EF73-439C-472C-94E8-F391FA09B75E}"
EndProject
Project("{9A19103F-16F7-4668-BE54-9A1E7A4F7556}") = "Longest_Palindrom_SubString", "Longest_Palindrom_SubString\Longest_Palindrom_SubString.csproj", "{094CEF94-3052-4DA6-A2B7-2876CF653B8C}"
EndProject
Project("{2150E333-8FDC-42A3-9474-1A3956D46DE8}") = "Arrays", "Arrays", "{5C2593FB-970D-4316-9443-77A327005AE5}"
EndProject
Project("{9A19103F-16F7-4668-BE54-9A1E7A4F7556}") = "Arithmetic_Progression_From_Sequence", "Arithmetic_Progression_From_Sequence\Arithmetic_Progression_From_Sequence.csproj", "{844C1CBB-81E0-4D3D-952C-ABAC2BF0F939}"
EndProject
Project("{9A19103F-16F7-4668-BE54-9A1E7A4F7556}") = "Projection_Area_Of_3d_Shapes", "Projection_Area_Of_3d_Shapes\Projection_Area_Of_3d_Shapes.csproj", "{8914BA1F-BB2B-4CA1-95EF-A2082503ACFC}"
EndProject
Project("{9A19103F-16F7-4668-BE54-9A1E7A4F7556}") = "Longest_Common_SubSequence", "Longest_Common_SubSequence\Longest_Common_SubSequence.csproj", "{7CB4BD8E-D041-4833-A2B0-B631957A9648}"
EndProject
Project("{9A19103F-16F7-4668-BE54-9A1E7A4F7556}") = "Longest_Palindrome_Subsequence", "Longest_Palindrome_Subsequence\Longest_Palindrome_Subsequence.csproj", "{44C5703D-5D5F-467A-A56C-4140CA098CF4}"
EndProject
Project("{9A19103F-16F7-4668-BE54-9A1E7A4F7556}") = "Longest_Increasing_Subsequence_Numbers", "Longest_Increasing_Subsequence_Numbers\Longest_Increasing_Subsequence_Numbers.csproj", "{5A91C72B-D489-417A-940F-9AF1D294BA6C}"
EndProject
Project("{2150E333-8FDC-42A3-9474-1A3956D46DE8}") = "OOP", "OOP", "{ECF432FA-DCA3-4AF3-887B-AF4E10C2CBEA}"
EndProject
Project("{9A19103F-16F7-4668-BE54-9A1E7A4F7556}") = "OOP_Concept", "OOP_Concept\OOP_Concept.csproj", "{D24A04FD-D882-4794-B747-E135998A7B2E}"
EndProject
Project("{2150E333-8FDC-42A3-9474-1A3956D46DE8}") = "MVC", "MVC", "{FBDCEBA9-BDA7-4960-A014-A1C320EA5F24}"
EndProject
Project("{9A19103F-16F7-4668-BE54-9A1E7A4F7556}") = "MVCApp", "MVCApp\MVCApp.csproj", "{5756179C-9C17-43F8-964E-B165BC84A141}"
EndProject
Project("{9A19103F-16F7-4668-BE54-9A1E7A4F7556}") = "Async_Await", "Async_Await\Async_Await.csproj", "{6CAC80E9-8EF9-4217-BAF0-50C08C15A8EA}"
EndProject
Project("{2150E333-8FDC-42A3-9474-1A3956D46DE8}") = "LINQ", "LINQ", "{512A3750-129A-4648-AC26-77A1A61FA100}"
EndProject
Project("{9A19103F-16F7-4668-BE54-9A1E7A4F7556}") = "Linq1", "Linq1\Linq1.csproj", "{641CE5FE-F54E-441C-8030-FEA86DB66771}"
EndProject
Project("{9A19103F-16F7-4668-BE54-9A1E7A4F7556}") = "Longest Common Prefix", "Longest Common Prefix\Longest Common Prefix.csproj", "{7A3AB0AC-2E5F-4805-9F02-B4A9D3548F52}"
EndProject
Project("{2150E333-8FDC-42A3-9474-1A3956D46DE8}") = "Stack", "Stack", "{D0E83ACB-9BF4-4267-B414-336382D733F6}"
EndProject
Project("{9A19103F-16F7-4668-BE54-9A1E7A4F7556}") = "Valid_Paramthesis", "Valid_Paramthesis\Valid_Paramthesis.csproj", "{7E78B054-C2EA-47D3-98FF-BB59E84FEE40}"
EndProject
Project("{2150E333-8FDC-42A3-9474-1A3956D46DE8}") = "String", "String", "{34D8728C-1330-4593-9FF1-B08A754683EF}"
EndProject
Project("{9A19103F-16F7-4668-BE54-9A1E7A4F7556}") = "Implement strStr()", "Implement strStr()\Implement strStr().csproj", "{48ED5E07-2048-4247-B529-7ECAD385E7A0}"
EndProject
Project("{9A19103F-16F7-4668-BE54-9A1E7A4F7556}") = "338. Counting Bits", "338. Counting Bits\338. Counting Bits.csproj", "{F80FE3BF-6BB3-44CA-954B-E2D68BEC030F}"
EndProject
Project("{9A19103F-16F7-4668-BE54-9A1E7A4F7556}") = "118. Pascal's Triangle", "118. Pascal's Triangle\118. Pascal's Triangle.csproj", "{C5085F1E-DE45-42B0-AB3B-C05B50B47ADF}"
EndProject
Project("{9A19103F-16F7-4668-BE54-9A1E7A4F7556}") = "1137. N-th Tribonacci Number", "1137. N-th Tribonacci Number\1137. N-th Tribonacci Number.csproj", "{4616AF50-43FE-4DD4-B741-7DF2CD499735}"
EndProject
Project("{9A19103F-16F7-4668-BE54-9A1E7A4F7556}") = "746. Min Cost Climbing Stairs", "746. Min Cost Climbing Stairs\746. Min Cost Climbing Stairs.csproj", "{1F85D2D9-EAE3-41E1-8D42-86038E87C8BB}"
EndProject
Project("{9A19103F-16F7-4668-BE54-9A1E7A4F7556}") = "121. Best Time to Buy and Sell Stock", "121. Best Time to Buy and Sell Stock\121. Best Time to Buy and Sell Stock.csproj", "{5DCA02FD-0A5B-41AA-95B7-A8FC25DCA642}"
EndProject
Project("{9A19103F-16F7-4668-BE54-9A1E7A4F7556}") = "1108. Defanging an IP Address", "1108. Defanging an IP Address\1108. Defanging an IP Address.csproj", "{C6AA7BBE-60F3-400A-8C44-6293D60CF579}"
EndProject
Project("{9A19103F-16F7-4668-BE54-9A1E7A4F7556}") = "1528. Shuffle String", "1528. Shuffle String\1528. Shuffle String.csproj", "{7725EE94-0036-4080-A21D-83E282EE2F8D}"
EndProject
Project("{9A19103F-16F7-4668-BE54-9A1E7A4F7556}") = "Mouse_Click", "Mouse_Click\Mouse_Click.csproj", "{51C3E685-A0C9-4B1D-BD58-007B59E667D3}"
EndProject
Project("{9A19103F-16F7-4668-BE54-9A1E7A4F7556}") = "1920. Build Array from Permutation", "1920. Build Array from Permutation\1920. Build Array from Permutation.csproj", "{6B2706A0-0D87-485A-873F-DD24343D7CB1}"
EndProject
Project("{9A19103F-16F7-4668-BE54-9A1E7A4F7556}") = "16. 3Sum Closest", "16. 3Sum Closest\16. 3Sum Closest.csproj", "{63C44C7D-D17A-4C16-AF9C-B7F1A1F5B973}"
EndProject
Project("{9A19103F-16F7-4668-BE54-9A1E7A4F7556}") = "15. 3Sum", "15. 3Sum\15. 3Sum.csproj", "{BF4F9D62-DC2A-4F87-AEF6-4AC4A6DAD54D}"
EndProject
Project("{9A19103F-16F7-4668-BE54-9A1E7A4F7556}") = "1678. Goal Parser Interpretation", "1678. Goal Parser Interpretation\1678. Goal Parser Interpretation.csproj", "{2BEA4F2D-E4B1-4B56-B84B-BA16253D7F0E}"
EndProject
Project("{9A19103F-16F7-4668-BE54-9A1E7A4F7556}") = "1496. Path Crossing", "1496. Path Crossing\1496. Path Crossing.csproj", "{20AA7226-F1AA-4104-8700-47468AFAFADA}"
EndProject
Project("{9A19103F-16F7-4668-BE54-9A1E7A4F7556}") = "1221. Split a String in Balanced Strings", "1221. Split a String in Balanced Strings\1221. Split a String in Balanced Strings.csproj", "{05D21566-235D-4680-8BBD-607EBF768B1E}"
EndProject
Project("{9A19103F-16F7-4668-BE54-9A1E7A4F7556}") = "1614. Maximum Nesting Depth of the Parentheses", "1614. Maximum Nesting Depth of the Parentheses\1614. Maximum Nesting Depth of the Parentheses.csproj", "{07C038E3-E1B3-4157-BB2D-BA809C47355F}"
EndProject
Project("{9A19103F-16F7-4668-BE54-9A1E7A4F7556}") = "654. Maximum Binary Tree", "654. Maximum Binary Tree\654. Maximum Binary Tree.csproj", "{E2BEBB3B-DA66-4D8F-B40A-D05EA0281636}"
EndProject
Project("{9A19103F-16F7-4668-BE54-9A1E7A4F7556}") = "73. Set Matrix Zeroes", "73. Set Matrix Zeroes\73. Set Matrix Zeroes.csproj", "{0EE276B7-C190-4A9D-9015-52DCE40B8D7A}"
EndProject
Project("{9A19103F-16F7-4668-BE54-9A1E7A4F7556}") = "31. Next Permutation", "31. Next Permutation\31. Next Permutation.csproj", "{6D0B213E-819E-4964-8B90-C789141E01C4}"
EndProject
Project("{9A19103F-16F7-4668-BE54-9A1E7A4F7556}") = "53. Maximum Subarray", "53. Maximum Subarray\53. Maximum Subarray.csproj", "{BC36BA72-C090-477C-8031-7DF330D5EB7E}"
EndProject
Project("{9A19103F-16F7-4668-BE54-9A1E7A4F7556}") = "75. Sort Colors", "75. Sort Colors\75. Sort Colors.csproj", "{B8D018C0-53B5-4C77-AFF4-978FA3EAB036}"
EndProject
Project("{9A19103F-16F7-4668-BE54-9A1E7A4F7556}") = "48. Rotate Image", "48. Rotate Image\48. Rotate Image.csproj", "{5BD79FB6-A25E-4A41-8B63-5FD43757E000}"
EndProject
Project("{FAE04EC0-301F-11D3-BF4B-00C04F79EFBC}") = "56. Merge Intervals", "56. Merge Intervals\56. Merge Intervals.csproj", "{16DE719D-4B85-47F3-BAEA-6A1F71106C8A}"
EndProject
Project("{FAE04EC0-301F-11D3-BF4B-00C04F79EFBC}") = "88. Merge Sorted Array", "88. Merge Sorted Array\88. Merge Sorted Array.csproj", "{53E10CF3-F563-489B-A5C0-A4994CA50C19}"
EndProject
Project("{FAE04EC0-301F-11D3-BF4B-00C04F79EFBC}") = "287. Find the Duplicate Number", "287. Find the Duplicate Number\287. Find the Duplicate Number.csproj", "{5DFA3968-111C-40FE-BCC9-9DFB2C749C69}"
EndProject
Project("{FAE04EC0-301F-11D3-BF4B-00C04F79EFBC}") = "inversion of Array", "inversion of Array\inversion of Array.csproj", "{3B5F09A1-9C22-4DA6-87A5-49749CD008CF}"
EndProject
Project("{FAE04EC0-301F-11D3-BF4B-00C04F79EFBC}") = "50. Pow(x, n)", "50. Pow(x, n)\50. Pow(x, n).csproj", "{CCF6A25D-7698-4171-BE9E-31FB53F5622D}"
EndProject
Project("{FAE04EC0-301F-11D3-BF4B-00C04F79EFBC}") = "169. Majority Element", "169. Majority Element\169. Majority Element.csproj", "{90A4798D-E6B1-49BC-AC6F-765C0CF25174}"
EndProject
Global
	GlobalSection(SolutionConfigurationPlatforms) = preSolution
		Debug|Any CPU = Debug|Any CPU
		Release|Any CPU = Release|Any CPU
	EndGlobalSection
	GlobalSection(ProjectConfigurationPlatforms) = postSolution
		{940E85DE-F45D-4FC5-8170-FD2F5BE1EBF6}.Debug|Any CPU.ActiveCfg = Debug|Any CPU
		{940E85DE-F45D-4FC5-8170-FD2F5BE1EBF6}.Debug|Any CPU.Build.0 = Debug|Any CPU
		{940E85DE-F45D-4FC5-8170-FD2F5BE1EBF6}.Release|Any CPU.ActiveCfg = Release|Any CPU
		{940E85DE-F45D-4FC5-8170-FD2F5BE1EBF6}.Release|Any CPU.Build.0 = Release|Any CPU
		{71E16948-00BC-4FC6-A361-CD35C42F738A}.Debug|Any CPU.ActiveCfg = Debug|Any CPU
		{71E16948-00BC-4FC6-A361-CD35C42F738A}.Debug|Any CPU.Build.0 = Debug|Any CPU
		{71E16948-00BC-4FC6-A361-CD35C42F738A}.Release|Any CPU.ActiveCfg = Release|Any CPU
		{71E16948-00BC-4FC6-A361-CD35C42F738A}.Release|Any CPU.Build.0 = Release|Any CPU
		{B5816079-9C24-41B8-A31F-6A8231F90D21}.Debug|Any CPU.ActiveCfg = Debug|Any CPU
		{B5816079-9C24-41B8-A31F-6A8231F90D21}.Debug|Any CPU.Build.0 = Debug|Any CPU
		{B5816079-9C24-41B8-A31F-6A8231F90D21}.Release|Any CPU.ActiveCfg = Release|Any CPU
		{B5816079-9C24-41B8-A31F-6A8231F90D21}.Release|Any CPU.Build.0 = Release|Any CPU
		{AE20D1AD-820F-4008-979B-6FDCCAF86259}.Debug|Any CPU.ActiveCfg = Debug|Any CPU
		{AE20D1AD-820F-4008-979B-6FDCCAF86259}.Debug|Any CPU.Build.0 = Debug|Any CPU
		{AE20D1AD-820F-4008-979B-6FDCCAF86259}.Release|Any CPU.ActiveCfg = Release|Any CPU
		{AE20D1AD-820F-4008-979B-6FDCCAF86259}.Release|Any CPU.Build.0 = Release|Any CPU
		{543E5740-CC75-474D-A330-E766BF1F31E3}.Debug|Any CPU.ActiveCfg = Debug|Any CPU
		{543E5740-CC75-474D-A330-E766BF1F31E3}.Debug|Any CPU.Build.0 = Debug|Any CPU
		{543E5740-CC75-474D-A330-E766BF1F31E3}.Release|Any CPU.ActiveCfg = Release|Any CPU
		{543E5740-CC75-474D-A330-E766BF1F31E3}.Release|Any CPU.Build.0 = Release|Any CPU
		{B24A70C3-9363-4B5E-A43F-FB0E1EFB216C}.Debug|Any CPU.ActiveCfg = Debug|Any CPU
		{B24A70C3-9363-4B5E-A43F-FB0E1EFB216C}.Debug|Any CPU.Build.0 = Debug|Any CPU
		{B24A70C3-9363-4B5E-A43F-FB0E1EFB216C}.Release|Any CPU.ActiveCfg = Release|Any CPU
		{B24A70C3-9363-4B5E-A43F-FB0E1EFB216C}.Release|Any CPU.Build.0 = Release|Any CPU
		{D0A540D2-2115-4922-A111-EBAA6CA8C610}.Debug|Any CPU.ActiveCfg = Debug|Any CPU
		{D0A540D2-2115-4922-A111-EBAA6CA8C610}.Debug|Any CPU.Build.0 = Debug|Any CPU
		{D0A540D2-2115-4922-A111-EBAA6CA8C610}.Release|Any CPU.ActiveCfg = Release|Any CPU
		{D0A540D2-2115-4922-A111-EBAA6CA8C610}.Release|Any CPU.Build.0 = Release|Any CPU
		{3D78DF1D-8E82-45C9-9629-DFBCD95A0FA4}.Debug|Any CPU.ActiveCfg = Debug|Any CPU
		{3D78DF1D-8E82-45C9-9629-DFBCD95A0FA4}.Debug|Any CPU.Build.0 = Debug|Any CPU
		{3D78DF1D-8E82-45C9-9629-DFBCD95A0FA4}.Release|Any CPU.ActiveCfg = Release|Any CPU
		{3D78DF1D-8E82-45C9-9629-DFBCD95A0FA4}.Release|Any CPU.Build.0 = Release|Any CPU
		{3AF1FDA7-192E-4E9F-9213-748BD4735B63}.Debug|Any CPU.ActiveCfg = Debug|Any CPU
		{3AF1FDA7-192E-4E9F-9213-748BD4735B63}.Debug|Any CPU.Build.0 = Debug|Any CPU
		{3AF1FDA7-192E-4E9F-9213-748BD4735B63}.Release|Any CPU.ActiveCfg = Release|Any CPU
		{3AF1FDA7-192E-4E9F-9213-748BD4735B63}.Release|Any CPU.Build.0 = Release|Any CPU
		{82CF6F6D-9202-42F0-9DCD-4318A6B0D320}.Debug|Any CPU.ActiveCfg = Debug|Any CPU
		{82CF6F6D-9202-42F0-9DCD-4318A6B0D320}.Debug|Any CPU.Build.0 = Debug|Any CPU
		{82CF6F6D-9202-42F0-9DCD-4318A6B0D320}.Release|Any CPU.ActiveCfg = Release|Any CPU
		{82CF6F6D-9202-42F0-9DCD-4318A6B0D320}.Release|Any CPU.Build.0 = Release|Any CPU
		{AC68147E-7046-49A3-98F0-3ACEF8DBB90D}.Debug|Any CPU.ActiveCfg = Debug|Any CPU
		{AC68147E-7046-49A3-98F0-3ACEF8DBB90D}.Debug|Any CPU.Build.0 = Debug|Any CPU
		{AC68147E-7046-49A3-98F0-3ACEF8DBB90D}.Release|Any CPU.ActiveCfg = Release|Any CPU
		{AC68147E-7046-49A3-98F0-3ACEF8DBB90D}.Release|Any CPU.Build.0 = Release|Any CPU
		{5F00C08C-A0B0-4BBD-8AB2-AE5ED7ABF815}.Debug|Any CPU.ActiveCfg = Debug|Any CPU
		{5F00C08C-A0B0-4BBD-8AB2-AE5ED7ABF815}.Debug|Any CPU.Build.0 = Debug|Any CPU
		{5F00C08C-A0B0-4BBD-8AB2-AE5ED7ABF815}.Release|Any CPU.ActiveCfg = Release|Any CPU
		{5F00C08C-A0B0-4BBD-8AB2-AE5ED7ABF815}.Release|Any CPU.Build.0 = Release|Any CPU
		{C480CD62-708C-48A3-9ADE-62A9F598DA08}.Debug|Any CPU.ActiveCfg = Debug|Any CPU
		{C480CD62-708C-48A3-9ADE-62A9F598DA08}.Debug|Any CPU.Build.0 = Debug|Any CPU
		{C480CD62-708C-48A3-9ADE-62A9F598DA08}.Release|Any CPU.ActiveCfg = Release|Any CPU
		{C480CD62-708C-48A3-9ADE-62A9F598DA08}.Release|Any CPU.Build.0 = Release|Any CPU
		{B1C1A421-A54B-4924-8295-B1F627EEF971}.Debug|Any CPU.ActiveCfg = Debug|Any CPU
		{B1C1A421-A54B-4924-8295-B1F627EEF971}.Debug|Any CPU.Build.0 = Debug|Any CPU
		{B1C1A421-A54B-4924-8295-B1F627EEF971}.Release|Any CPU.ActiveCfg = Release|Any CPU
		{B1C1A421-A54B-4924-8295-B1F627EEF971}.Release|Any CPU.Build.0 = Release|Any CPU
		{7E793227-A716-4E4A-ACB9-FB0CCBC4CDBD}.Debug|Any CPU.ActiveCfg = Debug|Any CPU
		{7E793227-A716-4E4A-ACB9-FB0CCBC4CDBD}.Debug|Any CPU.Build.0 = Debug|Any CPU
		{7E793227-A716-4E4A-ACB9-FB0CCBC4CDBD}.Release|Any CPU.ActiveCfg = Release|Any CPU
		{7E793227-A716-4E4A-ACB9-FB0CCBC4CDBD}.Release|Any CPU.Build.0 = Release|Any CPU
		{414750DB-9CCA-455A-97E6-0939C1288F6D}.Debug|Any CPU.ActiveCfg = Debug|Any CPU
		{414750DB-9CCA-455A-97E6-0939C1288F6D}.Debug|Any CPU.Build.0 = Debug|Any CPU
		{414750DB-9CCA-455A-97E6-0939C1288F6D}.Release|Any CPU.ActiveCfg = Release|Any CPU
		{414750DB-9CCA-455A-97E6-0939C1288F6D}.Release|Any CPU.Build.0 = Release|Any CPU
		{3963775F-4C26-4E59-9F0E-9970EC67DCC8}.Debug|Any CPU.ActiveCfg = Debug|Any CPU
		{3963775F-4C26-4E59-9F0E-9970EC67DCC8}.Debug|Any CPU.Build.0 = Debug|Any CPU
		{3963775F-4C26-4E59-9F0E-9970EC67DCC8}.Release|Any CPU.ActiveCfg = Release|Any CPU
		{3963775F-4C26-4E59-9F0E-9970EC67DCC8}.Release|Any CPU.Build.0 = Release|Any CPU
		{554D571D-C24A-48C1-B254-B35D030675FB}.Debug|Any CPU.ActiveCfg = Debug|Any CPU
		{554D571D-C24A-48C1-B254-B35D030675FB}.Debug|Any CPU.Build.0 = Debug|Any CPU
		{554D571D-C24A-48C1-B254-B35D030675FB}.Release|Any CPU.ActiveCfg = Release|Any CPU
		{554D571D-C24A-48C1-B254-B35D030675FB}.Release|Any CPU.Build.0 = Release|Any CPU
		{3EA77301-20E0-4896-8560-FA62EAC22B9A}.Debug|Any CPU.ActiveCfg = Debug|Any CPU
		{3EA77301-20E0-4896-8560-FA62EAC22B9A}.Debug|Any CPU.Build.0 = Debug|Any CPU
		{3EA77301-20E0-4896-8560-FA62EAC22B9A}.Release|Any CPU.ActiveCfg = Release|Any CPU
		{3EA77301-20E0-4896-8560-FA62EAC22B9A}.Release|Any CPU.Build.0 = Release|Any CPU
		{AE218323-2377-4EF0-BE10-A08589E78B8A}.Debug|Any CPU.ActiveCfg = Debug|Any CPU
		{AE218323-2377-4EF0-BE10-A08589E78B8A}.Debug|Any CPU.Build.0 = Debug|Any CPU
		{AE218323-2377-4EF0-BE10-A08589E78B8A}.Release|Any CPU.ActiveCfg = Release|Any CPU
		{AE218323-2377-4EF0-BE10-A08589E78B8A}.Release|Any CPU.Build.0 = Release|Any CPU
		{1127E838-AC79-4973-9A85-EFBD5C2D929B}.Debug|Any CPU.ActiveCfg = Debug|Any CPU
		{1127E838-AC79-4973-9A85-EFBD5C2D929B}.Debug|Any CPU.Build.0 = Debug|Any CPU
		{1127E838-AC79-4973-9A85-EFBD5C2D929B}.Release|Any CPU.ActiveCfg = Release|Any CPU
		{1127E838-AC79-4973-9A85-EFBD5C2D929B}.Release|Any CPU.Build.0 = Release|Any CPU
		{344688BE-4BF1-4E7E-91F7-513F9A80D85D}.Debug|Any CPU.ActiveCfg = Debug|Any CPU
		{344688BE-4BF1-4E7E-91F7-513F9A80D85D}.Debug|Any CPU.Build.0 = Debug|Any CPU
		{344688BE-4BF1-4E7E-91F7-513F9A80D85D}.Release|Any CPU.ActiveCfg = Release|Any CPU
		{344688BE-4BF1-4E7E-91F7-513F9A80D85D}.Release|Any CPU.Build.0 = Release|Any CPU
		{0884EF73-439C-472C-94E8-F391FA09B75E}.Debug|Any CPU.ActiveCfg = Debug|Any CPU
		{0884EF73-439C-472C-94E8-F391FA09B75E}.Debug|Any CPU.Build.0 = Debug|Any CPU
		{0884EF73-439C-472C-94E8-F391FA09B75E}.Release|Any CPU.ActiveCfg = Release|Any CPU
		{0884EF73-439C-472C-94E8-F391FA09B75E}.Release|Any CPU.Build.0 = Release|Any CPU
		{094CEF94-3052-4DA6-A2B7-2876CF653B8C}.Debug|Any CPU.ActiveCfg = Debug|Any CPU
		{094CEF94-3052-4DA6-A2B7-2876CF653B8C}.Debug|Any CPU.Build.0 = Debug|Any CPU
		{094CEF94-3052-4DA6-A2B7-2876CF653B8C}.Release|Any CPU.ActiveCfg = Release|Any CPU
		{094CEF94-3052-4DA6-A2B7-2876CF653B8C}.Release|Any CPU.Build.0 = Release|Any CPU
		{844C1CBB-81E0-4D3D-952C-ABAC2BF0F939}.Debug|Any CPU.ActiveCfg = Debug|Any CPU
		{844C1CBB-81E0-4D3D-952C-ABAC2BF0F939}.Debug|Any CPU.Build.0 = Debug|Any CPU
		{844C1CBB-81E0-4D3D-952C-ABAC2BF0F939}.Release|Any CPU.ActiveCfg = Release|Any CPU
		{844C1CBB-81E0-4D3D-952C-ABAC2BF0F939}.Release|Any CPU.Build.0 = Release|Any CPU
		{8914BA1F-BB2B-4CA1-95EF-A2082503ACFC}.Debug|Any CPU.ActiveCfg = Debug|Any CPU
		{8914BA1F-BB2B-4CA1-95EF-A2082503ACFC}.Debug|Any CPU.Build.0 = Debug|Any CPU
		{8914BA1F-BB2B-4CA1-95EF-A2082503ACFC}.Release|Any CPU.ActiveCfg = Release|Any CPU
		{8914BA1F-BB2B-4CA1-95EF-A2082503ACFC}.Release|Any CPU.Build.0 = Release|Any CPU
		{7CB4BD8E-D041-4833-A2B0-B631957A9648}.Debug|Any CPU.ActiveCfg = Debug|Any CPU
		{7CB4BD8E-D041-4833-A2B0-B631957A9648}.Debug|Any CPU.Build.0 = Debug|Any CPU
		{7CB4BD8E-D041-4833-A2B0-B631957A9648}.Release|Any CPU.ActiveCfg = Release|Any CPU
		{7CB4BD8E-D041-4833-A2B0-B631957A9648}.Release|Any CPU.Build.0 = Release|Any CPU
		{44C5703D-5D5F-467A-A56C-4140CA098CF4}.Debug|Any CPU.ActiveCfg = Debug|Any CPU
		{44C5703D-5D5F-467A-A56C-4140CA098CF4}.Debug|Any CPU.Build.0 = Debug|Any CPU
		{44C5703D-5D5F-467A-A56C-4140CA098CF4}.Release|Any CPU.ActiveCfg = Release|Any CPU
		{44C5703D-5D5F-467A-A56C-4140CA098CF4}.Release|Any CPU.Build.0 = Release|Any CPU
		{5A91C72B-D489-417A-940F-9AF1D294BA6C}.Debug|Any CPU.ActiveCfg = Debug|Any CPU
		{5A91C72B-D489-417A-940F-9AF1D294BA6C}.Debug|Any CPU.Build.0 = Debug|Any CPU
		{5A91C72B-D489-417A-940F-9AF1D294BA6C}.Release|Any CPU.ActiveCfg = Release|Any CPU
		{5A91C72B-D489-417A-940F-9AF1D294BA6C}.Release|Any CPU.Build.0 = Release|Any CPU
		{D24A04FD-D882-4794-B747-E135998A7B2E}.Debug|Any CPU.ActiveCfg = Debug|Any CPU
		{D24A04FD-D882-4794-B747-E135998A7B2E}.Debug|Any CPU.Build.0 = Debug|Any CPU
		{D24A04FD-D882-4794-B747-E135998A7B2E}.Release|Any CPU.ActiveCfg = Release|Any CPU
		{D24A04FD-D882-4794-B747-E135998A7B2E}.Release|Any CPU.Build.0 = Release|Any CPU
		{5756179C-9C17-43F8-964E-B165BC84A141}.Debug|Any CPU.ActiveCfg = Debug|Any CPU
		{5756179C-9C17-43F8-964E-B165BC84A141}.Debug|Any CPU.Build.0 = Debug|Any CPU
		{5756179C-9C17-43F8-964E-B165BC84A141}.Release|Any CPU.ActiveCfg = Release|Any CPU
		{5756179C-9C17-43F8-964E-B165BC84A141}.Release|Any CPU.Build.0 = Release|Any CPU
		{6CAC80E9-8EF9-4217-BAF0-50C08C15A8EA}.Debug|Any CPU.ActiveCfg = Debug|Any CPU
		{6CAC80E9-8EF9-4217-BAF0-50C08C15A8EA}.Debug|Any CPU.Build.0 = Debug|Any CPU
		{6CAC80E9-8EF9-4217-BAF0-50C08C15A8EA}.Release|Any CPU.ActiveCfg = Release|Any CPU
		{6CAC80E9-8EF9-4217-BAF0-50C08C15A8EA}.Release|Any CPU.Build.0 = Release|Any CPU
		{641CE5FE-F54E-441C-8030-FEA86DB66771}.Debug|Any CPU.ActiveCfg = Debug|Any CPU
		{641CE5FE-F54E-441C-8030-FEA86DB66771}.Debug|Any CPU.Build.0 = Debug|Any CPU
		{641CE5FE-F54E-441C-8030-FEA86DB66771}.Release|Any CPU.ActiveCfg = Release|Any CPU
		{641CE5FE-F54E-441C-8030-FEA86DB66771}.Release|Any CPU.Build.0 = Release|Any CPU
		{7A3AB0AC-2E5F-4805-9F02-B4A9D3548F52}.Debug|Any CPU.ActiveCfg = Debug|Any CPU
		{7A3AB0AC-2E5F-4805-9F02-B4A9D3548F52}.Debug|Any CPU.Build.0 = Debug|Any CPU
		{7A3AB0AC-2E5F-4805-9F02-B4A9D3548F52}.Release|Any CPU.ActiveCfg = Release|Any CPU
		{7A3AB0AC-2E5F-4805-9F02-B4A9D3548F52}.Release|Any CPU.Build.0 = Release|Any CPU
		{7E78B054-C2EA-47D3-98FF-BB59E84FEE40}.Debug|Any CPU.ActiveCfg = Debug|Any CPU
		{7E78B054-C2EA-47D3-98FF-BB59E84FEE40}.Debug|Any CPU.Build.0 = Debug|Any CPU
		{7E78B054-C2EA-47D3-98FF-BB59E84FEE40}.Release|Any CPU.ActiveCfg = Release|Any CPU
		{7E78B054-C2EA-47D3-98FF-BB59E84FEE40}.Release|Any CPU.Build.0 = Release|Any CPU
		{48ED5E07-2048-4247-B529-7ECAD385E7A0}.Debug|Any CPU.ActiveCfg = Debug|Any CPU
		{48ED5E07-2048-4247-B529-7ECAD385E7A0}.Debug|Any CPU.Build.0 = Debug|Any CPU
		{48ED5E07-2048-4247-B529-7ECAD385E7A0}.Release|Any CPU.ActiveCfg = Release|Any CPU
		{48ED5E07-2048-4247-B529-7ECAD385E7A0}.Release|Any CPU.Build.0 = Release|Any CPU
		{F80FE3BF-6BB3-44CA-954B-E2D68BEC030F}.Debug|Any CPU.ActiveCfg = Debug|Any CPU
		{F80FE3BF-6BB3-44CA-954B-E2D68BEC030F}.Debug|Any CPU.Build.0 = Debug|Any CPU
		{F80FE3BF-6BB3-44CA-954B-E2D68BEC030F}.Release|Any CPU.ActiveCfg = Release|Any CPU
		{F80FE3BF-6BB3-44CA-954B-E2D68BEC030F}.Release|Any CPU.Build.0 = Release|Any CPU
		{C5085F1E-DE45-42B0-AB3B-C05B50B47ADF}.Debug|Any CPU.ActiveCfg = Debug|Any CPU
		{C5085F1E-DE45-42B0-AB3B-C05B50B47ADF}.Debug|Any CPU.Build.0 = Debug|Any CPU
		{C5085F1E-DE45-42B0-AB3B-C05B50B47ADF}.Release|Any CPU.ActiveCfg = Release|Any CPU
		{C5085F1E-DE45-42B0-AB3B-C05B50B47ADF}.Release|Any CPU.Build.0 = Release|Any CPU
		{4616AF50-43FE-4DD4-B741-7DF2CD499735}.Debug|Any CPU.ActiveCfg = Debug|Any CPU
		{4616AF50-43FE-4DD4-B741-7DF2CD499735}.Debug|Any CPU.Build.0 = Debug|Any CPU
		{4616AF50-43FE-4DD4-B741-7DF2CD499735}.Release|Any CPU.ActiveCfg = Release|Any CPU
		{4616AF50-43FE-4DD4-B741-7DF2CD499735}.Release|Any CPU.Build.0 = Release|Any CPU
		{1F85D2D9-EAE3-41E1-8D42-86038E87C8BB}.Debug|Any CPU.ActiveCfg = Debug|Any CPU
		{1F85D2D9-EAE3-41E1-8D42-86038E87C8BB}.Debug|Any CPU.Build.0 = Debug|Any CPU
		{1F85D2D9-EAE3-41E1-8D42-86038E87C8BB}.Release|Any CPU.ActiveCfg = Release|Any CPU
		{1F85D2D9-EAE3-41E1-8D42-86038E87C8BB}.Release|Any CPU.Build.0 = Release|Any CPU
		{5DCA02FD-0A5B-41AA-95B7-A8FC25DCA642}.Debug|Any CPU.ActiveCfg = Debug|Any CPU
		{5DCA02FD-0A5B-41AA-95B7-A8FC25DCA642}.Debug|Any CPU.Build.0 = Debug|Any CPU
		{5DCA02FD-0A5B-41AA-95B7-A8FC25DCA642}.Release|Any CPU.ActiveCfg = Release|Any CPU
		{5DCA02FD-0A5B-41AA-95B7-A8FC25DCA642}.Release|Any CPU.Build.0 = Release|Any CPU
		{C6AA7BBE-60F3-400A-8C44-6293D60CF579}.Debug|Any CPU.ActiveCfg = Debug|Any CPU
		{C6AA7BBE-60F3-400A-8C44-6293D60CF579}.Debug|Any CPU.Build.0 = Debug|Any CPU
		{C6AA7BBE-60F3-400A-8C44-6293D60CF579}.Release|Any CPU.ActiveCfg = Release|Any CPU
		{C6AA7BBE-60F3-400A-8C44-6293D60CF579}.Release|Any CPU.Build.0 = Release|Any CPU
		{7725EE94-0036-4080-A21D-83E282EE2F8D}.Debug|Any CPU.ActiveCfg = Debug|Any CPU
		{7725EE94-0036-4080-A21D-83E282EE2F8D}.Debug|Any CPU.Build.0 = Debug|Any CPU
		{7725EE94-0036-4080-A21D-83E282EE2F8D}.Release|Any CPU.ActiveCfg = Release|Any CPU
		{7725EE94-0036-4080-A21D-83E282EE2F8D}.Release|Any CPU.Build.0 = Release|Any CPU
		{51C3E685-A0C9-4B1D-BD58-007B59E667D3}.Debug|Any CPU.ActiveCfg = Debug|Any CPU
		{51C3E685-A0C9-4B1D-BD58-007B59E667D3}.Debug|Any CPU.Build.0 = Debug|Any CPU
		{51C3E685-A0C9-4B1D-BD58-007B59E667D3}.Release|Any CPU.ActiveCfg = Release|Any CPU
		{51C3E685-A0C9-4B1D-BD58-007B59E667D3}.Release|Any CPU.Build.0 = Release|Any CPU
		{6B2706A0-0D87-485A-873F-DD24343D7CB1}.Debug|Any CPU.ActiveCfg = Debug|Any CPU
		{6B2706A0-0D87-485A-873F-DD24343D7CB1}.Debug|Any CPU.Build.0 = Debug|Any CPU
		{6B2706A0-0D87-485A-873F-DD24343D7CB1}.Release|Any CPU.ActiveCfg = Release|Any CPU
		{6B2706A0-0D87-485A-873F-DD24343D7CB1}.Release|Any CPU.Build.0 = Release|Any CPU
		{63C44C7D-D17A-4C16-AF9C-B7F1A1F5B973}.Debug|Any CPU.ActiveCfg = Debug|Any CPU
		{63C44C7D-D17A-4C16-AF9C-B7F1A1F5B973}.Debug|Any CPU.Build.0 = Debug|Any CPU
		{63C44C7D-D17A-4C16-AF9C-B7F1A1F5B973}.Release|Any CPU.ActiveCfg = Release|Any CPU
		{63C44C7D-D17A-4C16-AF9C-B7F1A1F5B973}.Release|Any CPU.Build.0 = Release|Any CPU
		{BF4F9D62-DC2A-4F87-AEF6-4AC4A6DAD54D}.Debug|Any CPU.ActiveCfg = Debug|Any CPU
		{BF4F9D62-DC2A-4F87-AEF6-4AC4A6DAD54D}.Debug|Any CPU.Build.0 = Debug|Any CPU
		{BF4F9D62-DC2A-4F87-AEF6-4AC4A6DAD54D}.Release|Any CPU.ActiveCfg = Release|Any CPU
		{BF4F9D62-DC2A-4F87-AEF6-4AC4A6DAD54D}.Release|Any CPU.Build.0 = Release|Any CPU
		{2BEA4F2D-E4B1-4B56-B84B-BA16253D7F0E}.Debug|Any CPU.ActiveCfg = Debug|Any CPU
		{2BEA4F2D-E4B1-4B56-B84B-BA16253D7F0E}.Debug|Any CPU.Build.0 = Debug|Any CPU
		{2BEA4F2D-E4B1-4B56-B84B-BA16253D7F0E}.Release|Any CPU.ActiveCfg = Release|Any CPU
		{2BEA4F2D-E4B1-4B56-B84B-BA16253D7F0E}.Release|Any CPU.Build.0 = Release|Any CPU
		{20AA7226-F1AA-4104-8700-47468AFAFADA}.Debug|Any CPU.ActiveCfg = Debug|Any CPU
		{20AA7226-F1AA-4104-8700-47468AFAFADA}.Debug|Any CPU.Build.0 = Debug|Any CPU
		{20AA7226-F1AA-4104-8700-47468AFAFADA}.Release|Any CPU.ActiveCfg = Release|Any CPU
		{20AA7226-F1AA-4104-8700-47468AFAFADA}.Release|Any CPU.Build.0 = Release|Any CPU
		{05D21566-235D-4680-8BBD-607EBF768B1E}.Debug|Any CPU.ActiveCfg = Debug|Any CPU
		{05D21566-235D-4680-8BBD-607EBF768B1E}.Debug|Any CPU.Build.0 = Debug|Any CPU
		{05D21566-235D-4680-8BBD-607EBF768B1E}.Release|Any CPU.ActiveCfg = Release|Any CPU
		{05D21566-235D-4680-8BBD-607EBF768B1E}.Release|Any CPU.Build.0 = Release|Any CPU
		{07C038E3-E1B3-4157-BB2D-BA809C47355F}.Debug|Any CPU.ActiveCfg = Debug|Any CPU
		{07C038E3-E1B3-4157-BB2D-BA809C47355F}.Debug|Any CPU.Build.0 = Debug|Any CPU
		{07C038E3-E1B3-4157-BB2D-BA809C47355F}.Release|Any CPU.ActiveCfg = Release|Any CPU
		{07C038E3-E1B3-4157-BB2D-BA809C47355F}.Release|Any CPU.Build.0 = Release|Any CPU
		{E2BEBB3B-DA66-4D8F-B40A-D05EA0281636}.Debug|Any CPU.ActiveCfg = Debug|Any CPU
		{E2BEBB3B-DA66-4D8F-B40A-D05EA0281636}.Debug|Any CPU.Build.0 = Debug|Any CPU
		{E2BEBB3B-DA66-4D8F-B40A-D05EA0281636}.Release|Any CPU.ActiveCfg = Release|Any CPU
		{E2BEBB3B-DA66-4D8F-B40A-D05EA0281636}.Release|Any CPU.Build.0 = Release|Any CPU
		{0EE276B7-C190-4A9D-9015-52DCE40B8D7A}.Debug|Any CPU.ActiveCfg = Debug|Any CPU
		{0EE276B7-C190-4A9D-9015-52DCE40B8D7A}.Debug|Any CPU.Build.0 = Debug|Any CPU
		{0EE276B7-C190-4A9D-9015-52DCE40B8D7A}.Release|Any CPU.ActiveCfg = Release|Any CPU
		{0EE276B7-C190-4A9D-9015-52DCE40B8D7A}.Release|Any CPU.Build.0 = Release|Any CPU
		{6D0B213E-819E-4964-8B90-C789141E01C4}.Debug|Any CPU.ActiveCfg = Debug|Any CPU
		{6D0B213E-819E-4964-8B90-C789141E01C4}.Debug|Any CPU.Build.0 = Debug|Any CPU
		{6D0B213E-819E-4964-8B90-C789141E01C4}.Release|Any CPU.ActiveCfg = Release|Any CPU
		{6D0B213E-819E-4964-8B90-C789141E01C4}.Release|Any CPU.Build.0 = Release|Any CPU
		{BC36BA72-C090-477C-8031-7DF330D5EB7E}.Debug|Any CPU.ActiveCfg = Debug|Any CPU
		{BC36BA72-C090-477C-8031-7DF330D5EB7E}.Debug|Any CPU.Build.0 = Debug|Any CPU
		{BC36BA72-C090-477C-8031-7DF330D5EB7E}.Release|Any CPU.ActiveCfg = Release|Any CPU
		{BC36BA72-C090-477C-8031-7DF330D5EB7E}.Release|Any CPU.Build.0 = Release|Any CPU
		{B8D018C0-53B5-4C77-AFF4-978FA3EAB036}.Debug|Any CPU.ActiveCfg = Debug|Any CPU
		{B8D018C0-53B5-4C77-AFF4-978FA3EAB036}.Debug|Any CPU.Build.0 = Debug|Any CPU
		{B8D018C0-53B5-4C77-AFF4-978FA3EAB036}.Release|Any CPU.ActiveCfg = Release|Any CPU
		{B8D018C0-53B5-4C77-AFF4-978FA3EAB036}.Release|Any CPU.Build.0 = Release|Any CPU
		{5BD79FB6-A25E-4A41-8B63-5FD43757E000}.Debug|Any CPU.ActiveCfg = Debug|Any CPU
		{5BD79FB6-A25E-4A41-8B63-5FD43757E000}.Debug|Any CPU.Build.0 = Debug|Any CPU
		{5BD79FB6-A25E-4A41-8B63-5FD43757E000}.Release|Any CPU.ActiveCfg = Release|Any CPU
		{5BD79FB6-A25E-4A41-8B63-5FD43757E000}.Release|Any CPU.Build.0 = Release|Any CPU
		{16DE719D-4B85-47F3-BAEA-6A1F71106C8A}.Debug|Any CPU.ActiveCfg = Debug|Any CPU
		{16DE719D-4B85-47F3-BAEA-6A1F71106C8A}.Debug|Any CPU.Build.0 = Debug|Any CPU
		{16DE719D-4B85-47F3-BAEA-6A1F71106C8A}.Release|Any CPU.ActiveCfg = Release|Any CPU
		{16DE719D-4B85-47F3-BAEA-6A1F71106C8A}.Release|Any CPU.Build.0 = Release|Any CPU
		{53E10CF3-F563-489B-A5C0-A4994CA50C19}.Debug|Any CPU.ActiveCfg = Debug|Any CPU
		{53E10CF3-F563-489B-A5C0-A4994CA50C19}.Debug|Any CPU.Build.0 = Debug|Any CPU
		{53E10CF3-F563-489B-A5C0-A4994CA50C19}.Release|Any CPU.ActiveCfg = Release|Any CPU
		{53E10CF3-F563-489B-A5C0-A4994CA50C19}.Release|Any CPU.Build.0 = Release|Any CPU
		{5DFA3968-111C-40FE-BCC9-9DFB2C749C69}.Debug|Any CPU.ActiveCfg = Debug|Any CPU
		{5DFA3968-111C-40FE-BCC9-9DFB2C749C69}.Debug|Any CPU.Build.0 = Debug|Any CPU
		{5DFA3968-111C-40FE-BCC9-9DFB2C749C69}.Release|Any CPU.ActiveCfg = Release|Any CPU
		{5DFA3968-111C-40FE-BCC9-9DFB2C749C69}.Release|Any CPU.Build.0 = Release|Any CPU
		{3B5F09A1-9C22-4DA6-87A5-49749CD008CF}.Debug|Any CPU.ActiveCfg = Debug|Any CPU
		{3B5F09A1-9C22-4DA6-87A5-49749CD008CF}.Debug|Any CPU.Build.0 = Debug|Any CPU
		{3B5F09A1-9C22-4DA6-87A5-49749CD008CF}.Release|Any CPU.ActiveCfg = Release|Any CPU
		{3B5F09A1-9C22-4DA6-87A5-49749CD008CF}.Release|Any CPU.Build.0 = Release|Any CPU
		{CCF6A25D-7698-4171-BE9E-31FB53F5622D}.Debug|Any CPU.ActiveCfg = Debug|Any CPU
		{CCF6A25D-7698-4171-BE9E-31FB53F5622D}.Debug|Any CPU.Build.0 = Debug|Any CPU
		{CCF6A25D-7698-4171-BE9E-31FB53F5622D}.Release|Any CPU.ActiveCfg = Release|Any CPU
		{CCF6A25D-7698-4171-BE9E-31FB53F5622D}.Release|Any CPU.Build.0 = Release|Any CPU
		{90A4798D-E6B1-49BC-AC6F-765C0CF25174}.Debug|Any CPU.ActiveCfg = Debug|Any CPU
		{90A4798D-E6B1-49BC-AC6F-765C0CF25174}.Debug|Any CPU.Build.0 = Debug|Any CPU
		{90A4798D-E6B1-49BC-AC6F-765C0CF25174}.Release|Any CPU.ActiveCfg = Release|Any CPU
		{90A4798D-E6B1-49BC-AC6F-765C0CF25174}.Release|Any CPU.Build.0 = Release|Any CPU
	EndGlobalSection
	GlobalSection(SolutionProperties) = preSolution
		HideSolutionNode = FALSE
	EndGlobalSection
	GlobalSection(NestedProjects) = preSolution
		{D0A540D2-2115-4922-A111-EBAA6CA8C610} = {752CFE8E-75E8-4417-9179-F959A2DEEBF7}
		{82CF6F6D-9202-42F0-9DCD-4318A6B0D320} = {E2BE1C65-EDC6-4DBC-A9C8-F8095A01C7FA}
		{AC68147E-7046-49A3-98F0-3ACEF8DBB90D} = {FA11B35D-5B99-4717-A06E-A9A43C3DAFCB}
		{3963775F-4C26-4E59-9F0E-9970EC67DCC8} = {E2BE1C65-EDC6-4DBC-A9C8-F8095A01C7FA}
		{554D571D-C24A-48C1-B254-B35D030675FB} = {E2BE1C65-EDC6-4DBC-A9C8-F8095A01C7FA}
		{AE218323-2377-4EF0-BE10-A08589E78B8A} = {752CFE8E-75E8-4417-9179-F959A2DEEBF7}
		{1127E838-AC79-4973-9A85-EFBD5C2D929B} = {26187D66-2F6B-4FED-B860-2F661714A4C7}
		{344688BE-4BF1-4E7E-91F7-513F9A80D85D} = {26187D66-2F6B-4FED-B860-2F661714A4C7}
		{69FB5E08-EBAA-4EF3-B7B0-BD818D9B9599} = {CF418597-32A7-406D-AAED-6361129449ED}
		{0884EF73-439C-472C-94E8-F391FA09B75E} = {69FB5E08-EBAA-4EF3-B7B0-BD818D9B9599}
		{094CEF94-3052-4DA6-A2B7-2876CF653B8C} = {69FB5E08-EBAA-4EF3-B7B0-BD818D9B9599}
		{5C2593FB-970D-4316-9443-77A327005AE5} = {CF418597-32A7-406D-AAED-6361129449ED}
		{844C1CBB-81E0-4D3D-952C-ABAC2BF0F939} = {5C2593FB-970D-4316-9443-77A327005AE5}
		{8914BA1F-BB2B-4CA1-95EF-A2082503ACFC} = {26187D66-2F6B-4FED-B860-2F661714A4C7}
		{7CB4BD8E-D041-4833-A2B0-B631957A9648} = {69FB5E08-EBAA-4EF3-B7B0-BD818D9B9599}
		{44C5703D-5D5F-467A-A56C-4140CA098CF4} = {69FB5E08-EBAA-4EF3-B7B0-BD818D9B9599}
		{5A91C72B-D489-417A-940F-9AF1D294BA6C} = {5C2593FB-970D-4316-9443-77A327005AE5}
		{D24A04FD-D882-4794-B747-E135998A7B2E} = {ECF432FA-DCA3-4AF3-887B-AF4E10C2CBEA}
		{5756179C-9C17-43F8-964E-B165BC84A141} = {FBDCEBA9-BDA7-4960-A014-A1C320EA5F24}
		{641CE5FE-F54E-441C-8030-FEA86DB66771} = {512A3750-129A-4648-AC26-77A1A61FA100}
		{7A3AB0AC-2E5F-4805-9F02-B4A9D3548F52} = {26187D66-2F6B-4FED-B860-2F661714A4C7}
		{7E78B054-C2EA-47D3-98FF-BB59E84FEE40} = {D0E83ACB-9BF4-4267-B414-336382D733F6}
		{48ED5E07-2048-4247-B529-7ECAD385E7A0} = {34D8728C-1330-4593-9FF1-B08A754683EF}
		{F80FE3BF-6BB3-44CA-954B-E2D68BEC030F} = {CF418597-32A7-406D-AAED-6361129449ED}
		{C5085F1E-DE45-42B0-AB3B-C05B50B47ADF} = {CF418597-32A7-406D-AAED-6361129449ED}
		{4616AF50-43FE-4DD4-B741-7DF2CD499735} = {CF418597-32A7-406D-AAED-6361129449ED}
		{1F85D2D9-EAE3-41E1-8D42-86038E87C8BB} = {CF418597-32A7-406D-AAED-6361129449ED}
		{5DCA02FD-0A5B-41AA-95B7-A8FC25DCA642} = {5C2593FB-970D-4316-9443-77A327005AE5}
		{C6AA7BBE-60F3-400A-8C44-6293D60CF579} = {34D8728C-1330-4593-9FF1-B08A754683EF}
		{7725EE94-0036-4080-A21D-83E282EE2F8D} = {34D8728C-1330-4593-9FF1-B08A754683EF}
		{6B2706A0-0D87-485A-873F-DD24343D7CB1} = {26187D66-2F6B-4FED-B860-2F661714A4C7}
		{63C44C7D-D17A-4C16-AF9C-B7F1A1F5B973} = {26187D66-2F6B-4FED-B860-2F661714A4C7}
		{BF4F9D62-DC2A-4F87-AEF6-4AC4A6DAD54D} = {26187D66-2F6B-4FED-B860-2F661714A4C7}
		{2BEA4F2D-E4B1-4B56-B84B-BA16253D7F0E} = {34D8728C-1330-4593-9FF1-B08A754683EF}
		{20AA7226-F1AA-4104-8700-47468AFAFADA} = {34D8728C-1330-4593-9FF1-B08A754683EF}
		{05D21566-235D-4680-8BBD-607EBF768B1E} = {34D8728C-1330-4593-9FF1-B08A754683EF}
		{07C038E3-E1B3-4157-BB2D-BA809C47355F} = {D0E83ACB-9BF4-4267-B414-336382D733F6}
		{E2BEBB3B-DA66-4D8F-B40A-D05EA0281636} = {D0E83ACB-9BF4-4267-B414-336382D733F6}
		{0EE276B7-C190-4A9D-9015-52DCE40B8D7A} = {26187D66-2F6B-4FED-B860-2F661714A4C7}
		{6D0B213E-819E-4964-8B90-C789141E01C4} = {26187D66-2F6B-4FED-B860-2F661714A4C7}
		{BC36BA72-C090-477C-8031-7DF330D5EB7E} = {26187D66-2F6B-4FED-B860-2F661714A4C7}
		{B8D018C0-53B5-4C77-AFF4-978FA3EAB036} = {26187D66-2F6B-4FED-B860-2F661714A4C7}
		{5BD79FB6-A25E-4A41-8B63-5FD43757E000} = {26187D66-2F6B-4FED-B860-2F661714A4C7}
		{16DE719D-4B85-47F3-BAEA-6A1F71106C8A} = {26187D66-2F6B-4FED-B860-2F661714A4C7}
		{53E10CF3-F563-489B-A5C0-A4994CA50C19} = {26187D66-2F6B-4FED-B860-2F661714A4C7}
		{5DFA3968-111C-40FE-BCC9-9DFB2C749C69} = {26187D66-2F6B-4FED-B860-2F661714A4C7}
		{3B5F09A1-9C22-4DA6-87A5-49749CD008CF} = {26187D66-2F6B-4FED-B860-2F661714A4C7}
		{90A4798D-E6B1-49BC-AC6F-765C0CF25174} = {26187D66-2F6B-4FED-B860-2F661714A4C7}
	EndGlobalSection
	GlobalSection(ExtensibilityGlobals) = postSolution
		SolutionGuid = {235D2F98-EA16-4188-B5D2-17798985A8DD}
	EndGlobalSection
EndGlobal
